
Microsoft Visual Studio Solution File, Format Version 12.00
# Visual Studio Version 17
VisualStudioVersion = 17.5.33530.505
MinimumVisualStudioVersion = 10.0.40219.1
Project("{FAE04EC0-301F-11D3-BF4B-00C04F79EFBC}") = "Assesment-Agile-NET-MVC", "Assesment-Agile-NET-MVC\Assesment-Agile-NET-MVC.csproj", "{DC1A8A9F-C129-418E-BCBA-2307671FEA4D}"
EndProject
Global
	GlobalSection(SolutionConfigurationPlatforms) = preSolution
		Debug|Any CPU = Debug|Any CPU
		Release|Any CPU = Release|Any CPU
	EndGlobalSection
	GlobalSection(ProjectConfigurationPlatforms) = postSolution
		{DC1A8A9F-C129-418E-BCBA-2307671FEA4D}.Debug|Any CPU.ActiveCfg = Debug|Any CPU
		{DC1A8A9F-C129-418E-BCBA-2307671FEA4D}.Debug|Any CPU.Build.0 = Debug|Any CPU
		{DC1A8A9F-C129-418E-BCBA-2307671FEA4D}.Release|Any CPU.ActiveCfg = Release|Any CPU
		{DC1A8A9F-C129-418E-BCBA-2307671FEA4D}.Release|Any CPU.Build.0 = Release|Any CPU
	EndGlobalSection
	GlobalSection(SolutionProperties) = preSolution
		HideSolutionNode = FALSE
	EndGlobalSection
	GlobalSection(ExtensibilityGlobals) = postSolution
		SolutionGuid = {64929A12-72B5-47F3-9F1D-9A9BEDB9ECC8}
	EndGlobalSection
EndGlobal
